// !$*UTF8*$!
{
	archiveVersion = 1;
	classes = {
	};
	objectVersion = 77;
	objects = {

/* Begin PBXBuildFile section */
		E719BD762CBE2E94009C6E23 /* libsfml-graphics.2.6.1.dylib in Frameworks */ = {isa = PBXBuildFile; fileRef = E719BD672CBE2E63009C6E23 /* libsfml-graphics.2.6.1.dylib */; };
		E719BD782CBE2E94009C6E23 /* libsfml-network.2.6.1.dylib in Frameworks */ = {isa = PBXBuildFile; fileRef = E719BD6A2CBE2E63009C6E23 /* libsfml-network.2.6.1.dylib */; };
		E719BD7B2CBE2E94009C6E23 /* libsfml-system.2.6.1.dylib in Frameworks */ = {isa = PBXBuildFile; fileRef = E719BD6D2CBE2E63009C6E23 /* libsfml-system.2.6.1.dylib */; };
		E719BD7E2CBE2E94009C6E23 /* libsfml-window.2.6.1.dylib in Frameworks */ = {isa = PBXBuildFile; fileRef = E719BD702CBE2E63009C6E23 /* libsfml-window.2.6.1.dylib */; };
		E719BD872CBE30E5009C6E23 /* libsfml-audio.2.6.1.dylib in Frameworks */ = {isa = PBXBuildFile; fileRef = E719BD642CBE2E63009C6E23 /* libsfml-audio.2.6.1.dylib */; };
/* End PBXBuildFile section */

/* Begin PBXCopyFilesBuildPhase section */
		E719BD482CBE2E33009C6E23 /* CopyFiles */ = {
			isa = PBXCopyFilesBuildPhase;
			buildActionMask = 2147483647;
			dstPath = /usr/share/man/man1/;
			dstSubfolderSpec = 0;
			files = (
			);
			runOnlyForDeploymentPostprocessing = 1;
		};
/* End PBXCopyFilesBuildPhase section */

/* Begin PBXFileReference section */
		E719BD4A2CBE2E33009C6E23 /* Pong */ = {isa = PBXFileReference; explicitFileType = "compiled.mach-o.executable"; includeInIndex = 0; path = Pong; sourceTree = BUILT_PRODUCTS_DIR; };
		E719BD542CBE2E63009C6E23 /* SFMLConfig.cmake */ = {isa = PBXFileReference; lastKnownFileType = text; path = SFMLConfig.cmake; sourceTree = "<group>"; };
		E719BD552CBE2E63009C6E23 /* SFMLConfigDependencies.cmake */ = {isa = PBXFileReference; lastKnownFileType = text; path = SFMLConfigDependencies.cmake; sourceTree = "<group>"; };
		E719BD562CBE2E63009C6E23 /* SFMLConfigVersion.cmake */ = {isa = PBXFileReference; lastKnownFileType = text; path = SFMLConfigVersion.cmake; sourceTree = "<group>"; };
		E719BD572CBE2E63009C6E23 /* SFMLSharedTargets.cmake */ = {isa = PBXFileReference; lastKnownFileType = text; path = SFMLSharedTargets.cmake; sourceTree = "<group>"; };
		E719BD582CBE2E63009C6E23 /* SFMLSharedTargets-release.cmake */ = {isa = PBXFileReference; lastKnownFileType = text; path = "SFMLSharedTargets-release.cmake"; sourceTree = "<group>"; };
		E719BD5B2CBE2E63009C6E23 /* sfml-all.pc */ = {isa = PBXFileReference; lastKnownFileType = text; path = "sfml-all.pc"; sourceTree = "<group>"; };
		E719BD5C2CBE2E63009C6E23 /* sfml-audio.pc */ = {isa = PBXFileReference; lastKnownFileType = text; path = "sfml-audio.pc"; sourceTree = "<group>"; };
		E719BD5D2CBE2E63009C6E23 /* sfml-graphics.pc */ = {isa = PBXFileReference; lastKnownFileType = text; path = "sfml-graphics.pc"; sourceTree = "<group>"; };
		E719BD5E2CBE2E63009C6E23 /* sfml-network.pc */ = {isa = PBXFileReference; lastKnownFileType = text; path = "sfml-network.pc"; sourceTree = "<group>"; };
		E719BD5F2CBE2E63009C6E23 /* sfml-system.pc */ = {isa = PBXFileReference; lastKnownFileType = text; path = "sfml-system.pc"; sourceTree = "<group>"; };
		E719BD602CBE2E63009C6E23 /* sfml-window.pc */ = {isa = PBXFileReference; lastKnownFileType = text; path = "sfml-window.pc"; sourceTree = "<group>"; };
		E719BD622CBE2E63009C6E23 /* libsfml-audio.dylib */ = {isa = PBXFileReference; lastKnownFileType = "compiled.mach-o.dylib"; path = "libsfml-audio.dylib"; sourceTree = "<group>"; };
		E719BD632CBE2E63009C6E23 /* libsfml-audio.2.6.dylib */ = {isa = PBXFileReference; lastKnownFileType = "compiled.mach-o.dylib"; path = "libsfml-audio.2.6.dylib"; sourceTree = "<group>"; };
		E719BD642CBE2E63009C6E23 /* libsfml-audio.2.6.1.dylib */ = {isa = PBXFileReference; lastKnownFileType = "compiled.mach-o.dylib"; path = "libsfml-audio.2.6.1.dylib"; sourceTree = "<group>"; };
		E719BD652CBE2E63009C6E23 /* libsfml-graphics.dylib */ = {isa = PBXFileReference; lastKnownFileType = "compiled.mach-o.dylib"; path = "libsfml-graphics.dylib"; sourceTree = "<group>"; };
		E719BD662CBE2E63009C6E23 /* libsfml-graphics.2.6.dylib */ = {isa = PBXFileReference; lastKnownFileType = "compiled.mach-o.dylib"; path = "libsfml-graphics.2.6.dylib"; sourceTree = "<group>"; };
		E719BD672CBE2E63009C6E23 /* libsfml-graphics.2.6.1.dylib */ = {isa = PBXFileReference; lastKnownFileType = "compiled.mach-o.dylib"; path = "libsfml-graphics.2.6.1.dylib"; sourceTree = "<group>"; };
		E719BD682CBE2E63009C6E23 /* libsfml-network.dylib */ = {isa = PBXFileReference; lastKnownFileType = "compiled.mach-o.dylib"; path = "libsfml-network.dylib"; sourceTree = "<group>"; };
		E719BD692CBE2E63009C6E23 /* libsfml-network.2.6.dylib */ = {isa = PBXFileReference; lastKnownFileType = "compiled.mach-o.dylib"; path = "libsfml-network.2.6.dylib"; sourceTree = "<group>"; };
		E719BD6A2CBE2E63009C6E23 /* libsfml-network.2.6.1.dylib */ = {isa = PBXFileReference; lastKnownFileType = "compiled.mach-o.dylib"; path = "libsfml-network.2.6.1.dylib"; sourceTree = "<group>"; };
		E719BD6B2CBE2E63009C6E23 /* libsfml-system.dylib */ = {isa = PBXFileReference; lastKnownFileType = "compiled.mach-o.dylib"; path = "libsfml-system.dylib"; sourceTree = "<group>"; };
		E719BD6C2CBE2E63009C6E23 /* libsfml-system.2.6.dylib */ = {isa = PBXFileReference; lastKnownFileType = "compiled.mach-o.dylib"; path = "libsfml-system.2.6.dylib"; sourceTree = "<group>"; };
		E719BD6D2CBE2E63009C6E23 /* libsfml-system.2.6.1.dylib */ = {isa = PBXFileReference; lastKnownFileType = "compiled.mach-o.dylib"; path = "libsfml-system.2.6.1.dylib"; sourceTree = "<group>"; };
		E719BD6E2CBE2E63009C6E23 /* libsfml-window.dylib */ = {isa = PBXFileReference; lastKnownFileType = "compiled.mach-o.dylib"; path = "libsfml-window.dylib"; sourceTree = "<group>"; };
		E719BD6F2CBE2E63009C6E23 /* libsfml-window.2.6.dylib */ = {isa = PBXFileReference; lastKnownFileType = "compiled.mach-o.dylib"; path = "libsfml-window.2.6.dylib"; sourceTree = "<group>"; };
		E719BD702CBE2E63009C6E23 /* libsfml-window.2.6.1.dylib */ = {isa = PBXFileReference; lastKnownFileType = "compiled.mach-o.dylib"; path = "libsfml-window.2.6.1.dylib"; sourceTree = "<group>"; };
		E766275B2CBDDA6200921899 /* DS-DIGI.TTF */ = {isa = PBXFileReference; lastKnownFileType = file; path = "DS-DIGI.TTF"; sourceTree = "<group>"; };
		E76627632CBDDC7C00921899 /* SFMLConfig.cmake */ = {isa = PBXFileReference; lastKnownFileType = text; path = SFMLConfig.cmake; sourceTree = "<group>"; };
		E76627642CBDDC7C00921899 /* SFMLConfigDependencies.cmake */ = {isa = PBXFileReference; lastKnownFileType = text; path = SFMLConfigDependencies.cmake; sourceTree = "<group>"; };
		E76627652CBDDC7C00921899 /* SFMLConfigVersion.cmake */ = {isa = PBXFileReference; lastKnownFileType = text; path = SFMLConfigVersion.cmake; sourceTree = "<group>"; };
		E76627662CBDDC7C00921899 /* SFMLSharedTargets.cmake */ = {isa = PBXFileReference; lastKnownFileType = text; path = SFMLSharedTargets.cmake; sourceTree = "<group>"; };
		E76627672CBDDC7C00921899 /* SFMLSharedTargets-release.cmake */ = {isa = PBXFileReference; lastKnownFileType = text; path = "SFMLSharedTargets-release.cmake"; sourceTree = "<group>"; };
		E766276A2CBDDC7C00921899 /* libsfml-graphics.2.6.1.dylib */ = {isa = PBXFileReference; lastKnownFileType = "compiled.mach-o.dylib"; name = "libsfml-graphics.2.6.1.dylib"; path = "../../../../opt/homebrew/Cellar/sfml/2.6.1/lib/libsfml-graphics.2.6.1.dylib"; sourceTree = "<group>"; };
		E766276B2CBDDC7C00921899 /* libsfml-window.2.6.1.dylib */ = {isa = PBXFileReference; lastKnownFileType = "compiled.mach-o.dylib"; name = "libsfml-window.2.6.1.dylib"; path = "../../../../opt/homebrew/Cellar/sfml/2.6.1/lib/libsfml-window.2.6.1.dylib"; sourceTree = "<group>"; };
		E766276C2CBDDC7C00921899 /* libsfml-system.2.6.1.dylib */ = {isa = PBXFileReference; lastKnownFileType = "compiled.mach-o.dylib"; name = "libsfml-system.2.6.1.dylib"; path = "../../../../opt/homebrew/Cellar/sfml/2.6.1/lib/libsfml-system.2.6.1.dylib"; sourceTree = "<group>"; };
		E766276D2CBDDC7C00921899 /* sfml-all.pc */ = {isa = PBXFileReference; lastKnownFileType = text; path = "sfml-all.pc"; sourceTree = "<group>"; };
		E766276E2CBDDC7C00921899 /* sfml-audio.pc */ = {isa = PBXFileReference; lastKnownFileType = text; path = "sfml-audio.pc"; sourceTree = "<group>"; };
		E766276F2CBDDC7C00921899 /* sfml-graphics.pc */ = {isa = PBXFileReference; lastKnownFileType = text; path = "sfml-graphics.pc"; sourceTree = "<group>"; };
		E76627702CBDDC7C00921899 /* sfml-network.pc */ = {isa = PBXFileReference; lastKnownFileType = text; path = "sfml-network.pc"; sourceTree = "<group>"; };
		E76627712CBDDC7C00921899 /* sfml-system.pc */ = {isa = PBXFileReference; lastKnownFileType = text; path = "sfml-system.pc"; sourceTree = "<group>"; };
		E76627722CBDDC7C00921899 /* sfml-window.pc */ = {isa = PBXFileReference; lastKnownFileType = text; path = "sfml-window.pc"; sourceTree = "<group>"; };
		E76627742CBDDC7C00921899 /* libsfml-audio.2.6.1.dylib */ = {isa = PBXFileReference; lastKnownFileType = "compiled.mach-o.dylib"; name = "libsfml-audio.2.6.1.dylib"; path = "../../../../opt/homebrew/Cellar/sfml/2.6.1/lib/libsfml-audio.2.6.1.dylib"; sourceTree = "<group>"; };
		E76627752CBDDC7C00921899 /* libsfml-network.2.6.1.dylib */ = {isa = PBXFileReference; lastKnownFileType = "compiled.mach-o.dylib"; name = "libsfml-network.2.6.1.dylib"; path = "../../../../opt/homebrew/Cellar/sfml/2.6.1/lib/libsfml-network.2.6.1.dylib"; sourceTree = "<group>"; };
/* End PBXFileReference section */

/* Begin PBXFileSystemSynchronizedRootGroup section */
		E719BD4B2CBE2E33009C6E23 /* Pong */ = {
			isa = PBXFileSystemSynchronizedRootGroup;
			path = Pong;
			sourceTree = "<group>";
		};
/* End PBXFileSystemSynchronizedRootGroup section */

/* Begin PBXFrameworksBuildPhase section */
		E719BD472CBE2E33009C6E23 /* Frameworks */ = {
			isa = PBXFrameworksBuildPhase;
			buildActionMask = 2147483647;
			files = (
				E719BD872CBE30E5009C6E23 /* libsfml-audio.2.6.1.dylib in Frameworks */,
				E719BD762CBE2E94009C6E23 /* libsfml-graphics.2.6.1.dylib in Frameworks */,
				E719BD782CBE2E94009C6E23 /* libsfml-network.2.6.1.dylib in Frameworks */,
				E719BD7B2CBE2E94009C6E23 /* libsfml-system.2.6.1.dylib in Frameworks */,
				E719BD7E2CBE2E94009C6E23 /* libsfml-window.2.6.1.dylib in Frameworks */,
			);
			runOnlyForDeploymentPostprocessing = 0;
		};
/* End PBXFrameworksBuildPhase section */

/* Begin PBXGroup section */
		E719BD592CBE2E63009C6E23 /* SFML */ = {
			isa = PBXGroup;
			children = (
				E719BD542CBE2E63009C6E23 /* SFMLConfig.cmake */,
				E719BD552CBE2E63009C6E23 /* SFMLConfigDependencies.cmake */,
				E719BD562CBE2E63009C6E23 /* SFMLConfigVersion.cmake */,
				E719BD572CBE2E63009C6E23 /* SFMLSharedTargets.cmake */,
				E719BD582CBE2E63009C6E23 /* SFMLSharedTargets-release.cmake */,
			);
			path = SFML;
			sourceTree = "<group>";
		};
		E719BD5A2CBE2E63009C6E23 /* cmake */ = {
			isa = PBXGroup;
			children = (
				E719BD592CBE2E63009C6E23 /* SFML */,
			);
			path = cmake;
			sourceTree = "<group>";
		};
		E719BD612CBE2E63009C6E23 /* pkgconfig */ = {
			isa = PBXGroup;
			children = (
				E719BD5B2CBE2E63009C6E23 /* sfml-all.pc */,
				E719BD5C2CBE2E63009C6E23 /* sfml-audio.pc */,
				E719BD5D2CBE2E63009C6E23 /* sfml-graphics.pc */,
				E719BD5E2CBE2E63009C6E23 /* sfml-network.pc */,
				E719BD5F2CBE2E63009C6E23 /* sfml-system.pc */,
				E719BD602CBE2E63009C6E23 /* sfml-window.pc */,
			);
			path = pkgconfig;
			sourceTree = "<group>";
		};
		E719BD712CBE2E63009C6E23 /* lib */ = {
			isa = PBXGroup;
			children = (
				E719BD5A2CBE2E63009C6E23 /* cmake */,
				E719BD612CBE2E63009C6E23 /* pkgconfig */,
				E719BD622CBE2E63009C6E23 /* libsfml-audio.dylib */,
				E719BD632CBE2E63009C6E23 /* libsfml-audio.2.6.dylib */,
				E719BD642CBE2E63009C6E23 /* libsfml-audio.2.6.1.dylib */,
				E719BD652CBE2E63009C6E23 /* libsfml-graphics.dylib */,
				E719BD662CBE2E63009C6E23 /* libsfml-graphics.2.6.dylib */,
				E719BD672CBE2E63009C6E23 /* libsfml-graphics.2.6.1.dylib */,
				E719BD682CBE2E63009C6E23 /* libsfml-network.dylib */,
				E719BD692CBE2E63009C6E23 /* libsfml-network.2.6.dylib */,
				E719BD6A2CBE2E63009C6E23 /* libsfml-network.2.6.1.dylib */,
				E719BD6B2CBE2E63009C6E23 /* libsfml-system.dylib */,
				E719BD6C2CBE2E63009C6E23 /* libsfml-system.2.6.dylib */,
				E719BD6D2CBE2E63009C6E23 /* libsfml-system.2.6.1.dylib */,
				E719BD6E2CBE2E63009C6E23 /* libsfml-window.dylib */,
				E719BD6F2CBE2E63009C6E23 /* libsfml-window.2.6.dylib */,
				E719BD702CBE2E63009C6E23 /* libsfml-window.2.6.1.dylib */,
			);
			name = lib;
			path = ../../../../opt/homebrew/Cellar/sfml/2.6.1/lib;
			sourceTree = "<group>";
		};
		E766275C2CBDDA6200921899 /* fonts */ = {
			isa = PBXGroup;
			children = (
				E766275B2CBDDA6200921899 /* DS-DIGI.TTF */,
			);
			path = fonts;
			sourceTree = "<group>";
		};
		E76627622CBDDB4500921899 /* Frameworks */ = {
			isa = PBXGroup;
			children = (
				E719BD712CBE2E63009C6E23 /* lib */,
				E76627692CBDDC7C00921899 /* cmake */,
				E76627742CBDDC7C00921899 /* libsfml-audio.2.6.1.dylib */,
				E766276A2CBDDC7C00921899 /* libsfml-graphics.2.6.1.dylib */,
				E76627752CBDDC7C00921899 /* libsfml-network.2.6.1.dylib */,
				E766276C2CBDDC7C00921899 /* libsfml-system.2.6.1.dylib */,
				E766276B2CBDDC7C00921899 /* libsfml-window.2.6.1.dylib */,
				E76627732CBDDC7C00921899 /* pkgconfig */,
			);
			name = Frameworks;
			sourceTree = "<group>";
		};
		E76627682CBDDC7C00921899 /* SFML */ = {
			isa = PBXGroup;
			children = (
				E76627632CBDDC7C00921899 /* SFMLConfig.cmake */,
				E76627642CBDDC7C00921899 /* SFMLConfigDependencies.cmake */,
				E76627652CBDDC7C00921899 /* SFMLConfigVersion.cmake */,
				E76627662CBDDC7C00921899 /* SFMLSharedTargets.cmake */,
				E76627672CBDDC7C00921899 /* SFMLSharedTargets-release.cmake */,
			);
			path = SFML;
			sourceTree = "<group>";
		};
		E76627692CBDDC7C00921899 /* cmake */ = {
			isa = PBXGroup;
			children = (
				E76627682CBDDC7C00921899 /* SFML */,
			);
			name = cmake;
			path = ../../../../opt/homebrew/Cellar/sfml/2.6.1/lib/cmake;
			sourceTree = "<group>";
		};
		E76627732CBDDC7C00921899 /* pkgconfig */ = {
			isa = PBXGroup;
			children = (
				E766276D2CBDDC7C00921899 /* sfml-all.pc */,
				E766276E2CBDDC7C00921899 /* sfml-audio.pc */,
				E766276F2CBDDC7C00921899 /* sfml-graphics.pc */,
				E76627702CBDDC7C00921899 /* sfml-network.pc */,
				E76627712CBDDC7C00921899 /* sfml-system.pc */,
				E76627722CBDDC7C00921899 /* sfml-window.pc */,
			);
			name = pkgconfig;
			path = ../../../../opt/homebrew/Cellar/sfml/2.6.1/lib/pkgconfig;
			sourceTree = "<group>";
		};
		E776E6BF2CBD92C40020992D = {
			isa = PBXGroup;
			children = (
				E766275C2CBDDA6200921899 /* fonts */,
				E719BD4B2CBE2E33009C6E23 /* Pong */,
				E76627622CBDDB4500921899 /* Frameworks */,
				E719BD4A2CBE2E33009C6E23 /* Pong */,
			);
			sourceTree = "<group>";
		};
/* End PBXGroup section */

/* Begin PBXNativeTarget section */
		E719BD492CBE2E33009C6E23 /* Pong */ = {
			isa = PBXNativeTarget;
			buildConfigurationList = E719BD502CBE2E33009C6E23 /* Build configuration list for PBXNativeTarget "Pong" */;
			buildPhases = (
				E719BD462CBE2E33009C6E23 /* Sources */,
				E719BD472CBE2E33009C6E23 /* Frameworks */,
				E719BD482CBE2E33009C6E23 /* CopyFiles */,
			);
			buildRules = (
			);
			dependencies = (
			);
			fileSystemSynchronizedGroups = (
				E719BD4B2CBE2E33009C6E23 /* Pong */,
			);
			name = Pong;
			packageProductDependencies = (
			);
			productName = Pong;
			productReference = E719BD4A2CBE2E33009C6E23 /* Pong */;
			productType = "com.apple.product-type.tool";
		};
/* End PBXNativeTarget section */

/* Begin PBXProject section */
		E776E6C02CBD92C40020992D /* Project object */ = {
			isa = PBXProject;
			attributes = {
				BuildIndependentTargetsInParallel = 1;
				LastUpgradeCheck = 1600;
				TargetAttributes = {
					E719BD492CBE2E33009C6E23 = {
						CreatedOnToolsVersion = 16.0;
					};
				};
			};
			buildConfigurationList = E776E6C32CBD92C40020992D /* Build configuration list for PBXProject "Pong" */;
			developmentRegion = en;
			hasScannedForEncodings = 0;
			knownRegions = (
				en,
				Base,
			);
			mainGroup = E776E6BF2CBD92C40020992D;
			minimizedProjectReferenceProxies = 1;
			preferredProjectObjectVersion = 77;
			productRefGroup = E776E6BF2CBD92C40020992D;
			projectDirPath = "";
			projectRoot = "";
			targets = (
				E719BD492CBE2E33009C6E23 /* Pong */,
			);
		};
/* End PBXProject section */

/* Begin PBXSourcesBuildPhase section */
		E719BD462CBE2E33009C6E23 /* Sources */ = {
			isa = PBXSourcesBuildPhase;
			buildActionMask = 2147483647;
			files = (
			);
			runOnlyForDeploymentPostprocessing = 0;
		};
/* End PBXSourcesBuildPhase section */

/* Begin XCBuildConfiguration section */
		E719BD4E2CBE2E33009C6E23 /* Debug */ = {
			isa = XCBuildConfiguration;
			buildSettings = {
				CODE_SIGN_STYLE = Automatic;
				DEVELOPMENT_TEAM = BFUV573K7L;
				ENABLE_HARDENED_RUNTIME = YES;
				HEADER_SEARCH_PATHS = "/opt/homebrew/opt/sfml/include/**";
				LD_RUNPATH_SEARCH_PATHS = (
					"@executable_path/../Frameworks",
					"@loader_path/../lib",
					/opt/homebrew/opt/sfml/lib,
				);
				LIBRARY_SEARCH_PATHS = /opt/homebrew/opt/sfml/lib;
				PRODUCT_NAME = "$(TARGET_NAME)";
			};
			name = Debug;
		};
		E719BD4F2CBE2E33009C6E23 /* Release */ = {
			isa = XCBuildConfiguration;
			buildSettings = {
				CODE_SIGN_STYLE = Automatic;
				DEVELOPMENT_TEAM = BFUV573K7L;
				ENABLE_HARDENED_RUNTIME = YES;
				HEADER_SEARCH_PATHS = "/opt/homebrew/opt/sfml/include/**";
				LD_RUNPATH_SEARCH_PATHS = (
					"@executable_path/../Frameworks",
					"@loader_path/../lib",
					/opt/homebrew/opt/sfml/lib,
				);
				LIBRARY_SEARCH_PATHS = /opt/homebrew/opt/sfml/lib;
				PRODUCT_NAME = "$(TARGET_NAME)";
			};
			name = Release;
		};
		E776E6CD2CBD92C40020992D /* Debug */ = {
			isa = XCBuildConfiguration;
			buildSettings = {
				ALWAYS_SEARCH_USER_PATHS = NO;
				ASSETCATALOG_COMPILER_GENERATE_SWIFT_ASSET_SYMBOL_EXTENSIONS = YES;
				CLANG_ANALYZER_NONNULL = YES;
				CLANG_ANALYZER_NUMBER_OBJECT_CONVERSION = YES_AGGRESSIVE;
				CLANG_CXX_LANGUAGE_STANDARD = "gnu++20";
				CLANG_ENABLE_MODULES = YES;
				CLANG_ENABLE_OBJC_ARC = YES;
				CLANG_ENABLE_OBJC_WEAK = YES;
				CLANG_WARN_BLOCK_CAPTURE_AUTORELEASING = YES;
				CLANG_WARN_BOOL_CONVERSION = YES;
				CLANG_WARN_COMMA = YES;
				CLANG_WARN_CONSTANT_CONVERSION = YES;
				CLANG_WARN_DEPRECATED_OBJC_IMPLEMENTATIONS = YES;
				CLANG_WARN_DIRECT_OBJC_ISA_USAGE = YES_ERROR;
				CLANG_WARN_DOCUMENTATION_COMMENTS = YES;
				CLANG_WARN_EMPTY_BODY = YES;
				CLANG_WARN_ENUM_CONVERSION = YES;
				CLANG_WARN_INFINITE_RECURSION = YES;
				CLANG_WARN_INT_CONVERSION = YES;
				CLANG_WARN_NON_LITERAL_NULL_CONVERSION = YES;
				CLANG_WARN_OBJC_IMPLICIT_RETAIN_SELF = YES;
				CLANG_WARN_OBJC_LITERAL_CONVERSION = YES;
				CLANG_WARN_OBJC_ROOT_CLASS = YES_ERROR;
				CLANG_WARN_QUOTED_INCLUDE_IN_FRAMEWORK_HEADER = YES;
				CLANG_WARN_RANGE_LOOP_ANALYSIS = YES;
				CLANG_WARN_STRICT_PROTOTYPES = YES;
				CLANG_WARN_SUSPICIOUS_MOVE = YES;
				CLANG_WARN_UNGUARDED_AVAILABILITY = YES_AGGRESSIVE;
				CLANG_WARN_UNREACHABLE_CODE = YES;
				CLANG_WARN__DUPLICATE_METHOD_MATCH = YES;
				COPY_PHASE_STRIP = NO;
				DEBUG_INFORMATION_FORMAT = dwarf;
				ENABLE_STRICT_OBJC_MSGSEND = YES;
				ENABLE_TESTABILITY = YES;
				ENABLE_USER_SCRIPT_SANDBOXING = YES;
				GCC_C_LANGUAGE_STANDARD = gnu17;
				GCC_DYNAMIC_NO_PIC = NO;
				GCC_NO_COMMON_BLOCKS = YES;
				GCC_OPTIMIZATION_LEVEL = 0;
				GCC_PREPROCESSOR_DEFINITIONS = (
					"DEBUG=1",
					"$(inherited)",
				);
				GCC_WARN_64_TO_32_BIT_CONVERSION = YES;
				GCC_WARN_ABOUT_RETURN_TYPE = YES_ERROR;
				GCC_WARN_UNDECLARED_SELECTOR = YES;
				GCC_WARN_UNINITIALIZED_AUTOS = YES_AGGRESSIVE;
				GCC_WARN_UNUSED_FUNCTION = YES;
				GCC_WARN_UNUSED_VARIABLE = YES;
				LOCALIZATION_PREFERS_STRING_CATALOGS = YES;
				MACOSX_DEPLOYMENT_TARGET = 15.0;
				MTL_ENABLE_DEBUG_INFO = INCLUDE_SOURCE;
				MTL_FAST_MATH = YES;
				ONLY_ACTIVE_ARCH = YES;
				SDKROOT = macosx;
			};
			name = Debug;
		};
		E776E6CE2CBD92C40020992D /* Release */ = {
			isa = XCBuildConfiguration;
			buildSettings = {
				ALWAYS_SEARCH_USER_PATHS = NO;
				ASSETCATALOG_COMPILER_GENERATE_SWIFT_ASSET_SYMBOL_EXTENSIONS = YES;
				CLANG_ANALYZER_NONNULL = YES;
				CLANG_ANALYZER_NUMBER_OBJECT_CONVERSION = YES_AGGRESSIVE;
				CLANG_CXX_LANGUAGE_STANDARD = "gnu++20";
				CLANG_ENABLE_MODULES = YES;
				CLANG_ENABLE_OBJC_ARC = YES;
				CLANG_ENABLE_OBJC_WEAK = YES;
				CLANG_WARN_BLOCK_CAPTURE_AUTORELEASING = YES;
				CLANG_WARN_BOOL_CONVERSION = YES;
				CLANG_WARN_COMMA = YES;
				CLANG_WARN_CONSTANT_CONVERSION = YES;
				CLANG_WARN_DEPRECATED_OBJC_IMPLEMENTATIONS = YES;
				CLANG_WARN_DIRECT_OBJC_ISA_USAGE = YES_ERROR;
				CLANG_WARN_DOCUMENTATION_COMMENTS = YES;
				CLANG_WARN_EMPTY_BODY = YES;
				CLANG_WARN_ENUM_CONVERSION = YES;
				CLANG_WARN_INFINITE_RECURSION = YES;
				CLANG_WARN_INT_CONVERSION = YES;
				CLANG_WARN_NON_LITERAL_NULL_CONVERSION = YES;
				CLANG_WARN_OBJC_IMPLICIT_RETAIN_SELF = YES;
				CLANG_WARN_OBJC_LITERAL_CONVERSION = YES;
				CLANG_WARN_OBJC_ROOT_CLASS = YES_ERROR;
				CLANG_WARN_QUOTED_INCLUDE_IN_FRAMEWORK_HEADER = YES;
				CLANG_WARN_RANGE_LOOP_ANALYSIS = YES;
				CLANG_WARN_STRICT_PROTOTYPES = YES;
				CLANG_WARN_SUSPICIOUS_MOVE = YES;
				CLANG_WARN_UNGUARDED_AVAILABILITY = YES_AGGRESSIVE;
				CLANG_WARN_UNREACHABLE_CODE = YES;
				CLANG_WARN__DUPLICATE_METHOD_MATCH = YES;
				COPY_PHASE_STRIP = NO;
				DEBUG_INFORMATION_FORMAT = "dwarf-with-dsym";
				ENABLE_NS_ASSERTIONS = NO;
				ENABLE_STRICT_OBJC_MSGSEND = YES;
				ENABLE_USER_SCRIPT_SANDBOXING = YES;
				GCC_C_LANGUAGE_STANDARD = gnu17;
				GCC_NO_COMMON_BLOCKS = YES;
				GCC_WARN_64_TO_32_BIT_CONVERSION = YES;
				GCC_WARN_ABOUT_RETURN_TYPE = YES_ERROR;
				GCC_WARN_UNDECLARED_SELECTOR = YES;
				GCC_WARN_UNINITIALIZED_AUTOS = YES_AGGRESSIVE;
				GCC_WARN_UNUSED_FUNCTION = YES;
				GCC_WARN_UNUSED_VARIABLE = YES;
				LOCALIZATION_PREFERS_STRING_CATALOGS = YES;
				MACOSX_DEPLOYMENT_TARGET = 15.0;
				MTL_ENABLE_DEBUG_INFO = NO;
				MTL_FAST_MATH = YES;
				SDKROOT = macosx;
			};
			name = Release;
		};
/* End XCBuildConfiguration section */

/* Begin XCConfigurationList section */
		E719BD502CBE2E33009C6E23 /* Build configuration list for PBXNativeTarget "Pong" */ = {
			isa = XCConfigurationList;
			buildConfigurations = (
				E719BD4E2CBE2E33009C6E23 /* Debug */,
				E719BD4F2CBE2E33009C6E23 /* Release */,
			);
			defaultConfigurationIsVisible = 0;
			defaultConfigurationName = Release;
		};
		E776E6C32CBD92C40020992D /* Build configuration list for PBXProject "Pong" */ = {
			isa = XCConfigurationList;
			buildConfigurations = (
				E776E6CD2CBD92C40020992D /* Debug */,
				E776E6CE2CBD92C40020992D /* Release */,
			);
			defaultConfigurationIsVisible = 0;
			defaultConfigurationName = Release;
		};
/* End XCConfigurationList section */
	};
	rootObject = E776E6C02CBD92C40020992D /* Project object */;
}
